
Microsoft Visual Studio Solution File, Format Version 12.00
# Visual Studio 15
VisualStudioVersion = 15.0.27703.2000
MinimumVisualStudioVersion = 10.0.40219.1
Project("{9A19103F-16F7-4668-BE54-9A1E7A4F7556}") = "TcmbSharp", "TcmbSharp\TcmbSharp.csproj", "{347B2871-3DAD-4910-8CE3-E8772B5F75DE}"
EndProject
Project("{FAE04EC0-301F-11D3-BF4B-00C04F79EFBC}") = "TcmbSharp.Tests", "TcmbSharp.Tests\TcmbSharp.Tests.csproj", "{9B6AC805-DB65-421D-92A7-848CFBFD3AD9}"
EndProject
Global
	GlobalSection(SolutionConfigurationPlatforms) = preSolution
		Debug|Any CPU = Debug|Any CPU
		Release|Any CPU = Release|Any CPU
	EndGlobalSection
	GlobalSection(ProjectConfigurationPlatforms) = postSolution
		{347B2871-3DAD-4910-8CE3-E8772B5F75DE}.Debug|Any CPU.ActiveCfg = Debug|Any CPU
		{347B2871-3DAD-4910-8CE3-E8772B5F75DE}.Debug|Any CPU.Build.0 = Debug|Any CPU
		{347B2871-3DAD-4910-8CE3-E8772B5F75DE}.Release|Any CPU.ActiveCfg = Release|Any CPU
		{347B2871-3DAD-4910-8CE3-E8772B5F75DE}.Release|Any CPU.Build.0 = Release|Any CPU
		{9B6AC805-DB65-421D-92A7-848CFBFD3AD9}.Debug|Any CPU.ActiveCfg = Debug|Any CPU
		{9B6AC805-DB65-421D-92A7-848CFBFD3AD9}.Debug|Any CPU.Build.0 = Debug|Any CPU
		{9B6AC805-DB65-421D-92A7-848CFBFD3AD9}.Release|Any CPU.ActiveCfg = Release|Any CPU
		{9B6AC805-DB65-421D-92A7-848CFBFD3AD9}.Release|Any CPU.Build.0 = Release|Any CPU
	EndGlobalSection
	GlobalSection(SolutionProperties) = preSolution
		HideSolutionNode = FALSE
	EndGlobalSection
	GlobalSection(ExtensibilityGlobals) = postSolution
		SolutionGuid = {9A6070D9-5663-4697-9506-65E1A7CA754A}
	EndGlobalSection
EndGlobal
